
Microsoft Visual Studio Solution File, Format Version 12.00
# Visual Studio 2013
VisualStudioVersion = 12.0.31101.0
MinimumVisualStudioVersion = 10.0.40219.1
Project("{FAE04EC0-301F-11D3-BF4B-00C04F79EFBC}") = "RentACar.Api", "RentACar.Api\RentACar.Api.csproj", "{6353FF72-990C-4009-8EEE-10B25379BF0C}"
EndProject
Project("{FAE04EC0-301F-11D3-BF4B-00C04F79EFBC}") = "RentACar.Client", "RentACar.Client\RentACar.Client.csproj", "{9184214A-F4AD-45F4-80E5-D7F212253192}"
EndProject
Global
	GlobalSection(SolutionConfigurationPlatforms) = preSolution
		Debug|Any CPU = Debug|Any CPU
		Release|Any CPU = Release|Any CPU
	EndGlobalSection
	GlobalSection(ProjectConfigurationPlatforms) = postSolution
		{6353FF72-990C-4009-8EEE-10B25379BF0C}.Debug|Any CPU.ActiveCfg = Debug|Any CPU
		{6353FF72-990C-4009-8EEE-10B25379BF0C}.Debug|Any CPU.Build.0 = Debug|Any CPU
		{6353FF72-990C-4009-8EEE-10B25379BF0C}.Release|Any CPU.ActiveCfg = Release|Any CPU
		{6353FF72-990C-4009-8EEE-10B25379BF0C}.Release|Any CPU.Build.0 = Release|Any CPU
		{9184214A-F4AD-45F4-80E5-D7F212253192}.Debug|Any CPU.ActiveCfg = Debug|Any CPU
		{9184214A-F4AD-45F4-80E5-D7F212253192}.Debug|Any CPU.Build.0 = Debug|Any CPU
		{9184214A-F4AD-45F4-80E5-D7F212253192}.Release|Any CPU.ActiveCfg = Release|Any CPU
		{9184214A-F4AD-45F4-80E5-D7F212253192}.Release|Any CPU.Build.0 = Release|Any CPU
	EndGlobalSection
	GlobalSection(SolutionProperties) = preSolution
		HideSolutionNode = FALSE
	EndGlobalSection
EndGlobal
